
Microsoft Visual Studio Solution File, Format Version 12.00
# Visual Studio Version 16
VisualStudioVersion = 16.0.29709.97
MinimumVisualStudioVersion = 10.0.40219.1
Project("{9A19103F-16F7-4668-BE54-9A1E7A4F7556}") = "CaffeineCrashProvider", "CaffeineCrashProvider\CaffeineCrashProvider.csproj", "{C576B072-C3A1-426A-88C2-B4B5AD0A6750}"
EndProject
Project("{9A19103F-16F7-4668-BE54-9A1E7A4F7556}") = "CaffeineCrashProvider.Test", "CaffeineCrashProvider.Test\CaffeineCrashProvider.Test.csproj", "{D497E8A7-9A36-4DB5-84B5-413E4E7A2312}"
EndProject
Project("{9A19103F-16F7-4668-BE54-9A1E7A4F7556}") = "CaffeineCrashCue", "CaffeineCrashCue\CaffeineCrashCue\CaffeineCrashCue.csproj", "{A44831F8-BD94-4F78-A92D-01E37D0FAB82}"
EndProject
Project("{FAE04EC0-301F-11D3-BF4B-00C04F79EFBC}") = "CaffeineCrashCue.Android", "CaffeineCrashCue\CaffeineCrashCue.Android\CaffeineCrashCue.Android.csproj", "{307D1A49-D911-410D-86F1-E1F2008E52AB}"
EndProject
Project("{2150E333-8FDC-42A3-9474-1A3956D46DE8}") = "Solution Items", "Solution Items", "{9AEC5D6E-E5CF-4A11-846B-8AEF93EFE497}"
	ProjectSection(SolutionItems) = preProject
		.github\workflows\dotnet.yml = .github\workflows\dotnet.yml
	EndProjectSection
EndProject
Project("{9A19103F-16F7-4668-BE54-9A1E7A4F7556}") = "CaffeineCrashCue.Test", "CaffeineCrashCue.Test\CaffeineCrashCue.Test.csproj", "{3782E805-9E7E-43FC-A658-F7B6D996D9D4}"
EndProject
Global
	GlobalSection(SolutionConfigurationPlatforms) = preSolution
		Ad-Hoc|Any CPU = Ad-Hoc|Any CPU
		Ad-Hoc|iPhone = Ad-Hoc|iPhone
		Ad-Hoc|iPhoneSimulator = Ad-Hoc|iPhoneSimulator
		AppStore|Any CPU = AppStore|Any CPU
		AppStore|iPhone = AppStore|iPhone
		AppStore|iPhoneSimulator = AppStore|iPhoneSimulator
		Debug|Any CPU = Debug|Any CPU
		Debug|iPhone = Debug|iPhone
		Debug|iPhoneSimulator = Debug|iPhoneSimulator
		ExcludePlatforms|Any CPU = ExcludePlatforms|Any CPU
		ExcludePlatforms|iPhone = ExcludePlatforms|iPhone
		ExcludePlatforms|iPhoneSimulator = ExcludePlatforms|iPhoneSimulator
		Release|Any CPU = Release|Any CPU
		Release|iPhone = Release|iPhone
		Release|iPhoneSimulator = Release|iPhoneSimulator
	EndGlobalSection
	GlobalSection(ProjectConfigurationPlatforms) = postSolution
		{C576B072-C3A1-426A-88C2-B4B5AD0A6750}.Ad-Hoc|Any CPU.ActiveCfg = Debug|Any CPU
		{C576B072-C3A1-426A-88C2-B4B5AD0A6750}.Ad-Hoc|Any CPU.Build.0 = Debug|Any CPU
		{C576B072-C3A1-426A-88C2-B4B5AD0A6750}.Ad-Hoc|iPhone.ActiveCfg = Debug|Any CPU
		{C576B072-C3A1-426A-88C2-B4B5AD0A6750}.Ad-Hoc|iPhone.Build.0 = Debug|Any CPU
		{C576B072-C3A1-426A-88C2-B4B5AD0A6750}.Ad-Hoc|iPhoneSimulator.ActiveCfg = Debug|Any CPU
		{C576B072-C3A1-426A-88C2-B4B5AD0A6750}.Ad-Hoc|iPhoneSimulator.Build.0 = Debug|Any CPU
		{C576B072-C3A1-426A-88C2-B4B5AD0A6750}.AppStore|Any CPU.ActiveCfg = Debug|Any CPU
		{C576B072-C3A1-426A-88C2-B4B5AD0A6750}.AppStore|Any CPU.Build.0 = Debug|Any CPU
		{C576B072-C3A1-426A-88C2-B4B5AD0A6750}.AppStore|iPhone.ActiveCfg = Debug|Any CPU
		{C576B072-C3A1-426A-88C2-B4B5AD0A6750}.AppStore|iPhone.Build.0 = Debug|Any CPU
		{C576B072-C3A1-426A-88C2-B4B5AD0A6750}.AppStore|iPhoneSimulator.ActiveCfg = Debug|Any CPU
		{C576B072-C3A1-426A-88C2-B4B5AD0A6750}.AppStore|iPhoneSimulator.Build.0 = Debug|Any CPU
		{C576B072-C3A1-426A-88C2-B4B5AD0A6750}.Debug|Any CPU.ActiveCfg = Debug|Any CPU
		{C576B072-C3A1-426A-88C2-B4B5AD0A6750}.Debug|Any CPU.Build.0 = Debug|Any CPU
		{C576B072-C3A1-426A-88C2-B4B5AD0A6750}.Debug|iPhone.ActiveCfg = Debug|Any CPU
		{C576B072-C3A1-426A-88C2-B4B5AD0A6750}.Debug|iPhone.Build.0 = Debug|Any CPU
		{C576B072-C3A1-426A-88C2-B4B5AD0A6750}.Debug|iPhoneSimulator.ActiveCfg = Debug|Any CPU
		{C576B072-C3A1-426A-88C2-B4B5AD0A6750}.Debug|iPhoneSimulator.Build.0 = Debug|Any CPU
		{C576B072-C3A1-426A-88C2-B4B5AD0A6750}.ExcludePlatforms|Any CPU.ActiveCfg = ExcludePlatforms|Any CPU
		{C576B072-C3A1-426A-88C2-B4B5AD0A6750}.ExcludePlatforms|Any CPU.Build.0 = ExcludePlatforms|Any CPU
		{C576B072-C3A1-426A-88C2-B4B5AD0A6750}.ExcludePlatforms|iPhone.ActiveCfg = ExcludePlatforms|Any CPU
		{C576B072-C3A1-426A-88C2-B4B5AD0A6750}.ExcludePlatforms|iPhone.Build.0 = ExcludePlatforms|Any CPU
		{C576B072-C3A1-426A-88C2-B4B5AD0A6750}.ExcludePlatforms|iPhoneSimulator.ActiveCfg = ExcludePlatforms|Any CPU
		{C576B072-C3A1-426A-88C2-B4B5AD0A6750}.ExcludePlatforms|iPhoneSimulator.Build.0 = ExcludePlatforms|Any CPU
		{C576B072-C3A1-426A-88C2-B4B5AD0A6750}.Release|Any CPU.ActiveCfg = Release|Any CPU
		{C576B072-C3A1-426A-88C2-B4B5AD0A6750}.Release|Any CPU.Build.0 = Release|Any CPU
		{C576B072-C3A1-426A-88C2-B4B5AD0A6750}.Release|iPhone.ActiveCfg = Release|Any CPU
		{C576B072-C3A1-426A-88C2-B4B5AD0A6750}.Release|iPhone.Build.0 = Release|Any CPU
		{C576B072-C3A1-426A-88C2-B4B5AD0A6750}.Release|iPhoneSimulator.ActiveCfg = Release|Any CPU
		{C576B072-C3A1-426A-88C2-B4B5AD0A6750}.Release|iPhoneSimulator.Build.0 = Release|Any CPU
		{D497E8A7-9A36-4DB5-84B5-413E4E7A2312}.Ad-Hoc|Any CPU.ActiveCfg = Debug|Any CPU
		{D497E8A7-9A36-4DB5-84B5-413E4E7A2312}.Ad-Hoc|Any CPU.Build.0 = Debug|Any CPU
		{D497E8A7-9A36-4DB5-84B5-413E4E7A2312}.Ad-Hoc|iPhone.ActiveCfg = Debug|Any CPU
		{D497E8A7-9A36-4DB5-84B5-413E4E7A2312}.Ad-Hoc|iPhone.Build.0 = Debug|Any CPU
		{D497E8A7-9A36-4DB5-84B5-413E4E7A2312}.Ad-Hoc|iPhoneSimulator.ActiveCfg = Debug|Any CPU
		{D497E8A7-9A36-4DB5-84B5-413E4E7A2312}.Ad-Hoc|iPhoneSimulator.Build.0 = Debug|Any CPU
		{D497E8A7-9A36-4DB5-84B5-413E4E7A2312}.AppStore|Any CPU.ActiveCfg = Debug|Any CPU
		{D497E8A7-9A36-4DB5-84B5-413E4E7A2312}.AppStore|Any CPU.Build.0 = Debug|Any CPU
		{D497E8A7-9A36-4DB5-84B5-413E4E7A2312}.AppStore|iPhone.ActiveCfg = Debug|Any CPU
		{D497E8A7-9A36-4DB5-84B5-413E4E7A2312}.AppStore|iPhone.Build.0 = Debug|Any CPU
		{D497E8A7-9A36-4DB5-84B5-413E4E7A2312}.AppStore|iPhoneSimulator.ActiveCfg = Debug|Any CPU
		{D497E8A7-9A36-4DB5-84B5-413E4E7A2312}.AppStore|iPhoneSimulator.Build.0 = Debug|Any CPU
		{D497E8A7-9A36-4DB5-84B5-413E4E7A2312}.Debug|Any CPU.ActiveCfg = Debug|Any CPU
		{D497E8A7-9A36-4DB5-84B5-413E4E7A2312}.Debug|Any CPU.Build.0 = Debug|Any CPU
		{D497E8A7-9A36-4DB5-84B5-413E4E7A2312}.Debug|iPhone.ActiveCfg = Debug|Any CPU
		{D497E8A7-9A36-4DB5-84B5-413E4E7A2312}.Debug|iPhone.Build.0 = Debug|Any CPU
		{D497E8A7-9A36-4DB5-84B5-413E4E7A2312}.Debug|iPhoneSimulator.ActiveCfg = Debug|Any CPU
		{D497E8A7-9A36-4DB5-84B5-413E4E7A2312}.Debug|iPhoneSimulator.Build.0 = Debug|Any CPU
		{D497E8A7-9A36-4DB5-84B5-413E4E7A2312}.ExcludePlatforms|Any CPU.ActiveCfg = ExcludePlatforms|Any CPU
		{D497E8A7-9A36-4DB5-84B5-413E4E7A2312}.ExcludePlatforms|Any CPU.Build.0 = ExcludePlatforms|Any CPU
		{D497E8A7-9A36-4DB5-84B5-413E4E7A2312}.ExcludePlatforms|iPhone.ActiveCfg = ExcludePlatforms|Any CPU
		{D497E8A7-9A36-4DB5-84B5-413E4E7A2312}.ExcludePlatforms|iPhone.Build.0 = ExcludePlatforms|Any CPU
		{D497E8A7-9A36-4DB5-84B5-413E4E7A2312}.ExcludePlatforms|iPhoneSimulator.ActiveCfg = ExcludePlatforms|Any CPU
		{D497E8A7-9A36-4DB5-84B5-413E4E7A2312}.ExcludePlatforms|iPhoneSimulator.Build.0 = ExcludePlatforms|Any CPU
		{D497E8A7-9A36-4DB5-84B5-413E4E7A2312}.Release|Any CPU.ActiveCfg = Release|Any CPU
		{D497E8A7-9A36-4DB5-84B5-413E4E7A2312}.Release|Any CPU.Build.0 = Release|Any CPU
		{D497E8A7-9A36-4DB5-84B5-413E4E7A2312}.Release|iPhone.ActiveCfg = Release|Any CPU
		{D497E8A7-9A36-4DB5-84B5-413E4E7A2312}.Release|iPhone.Build.0 = Release|Any CPU
		{D497E8A7-9A36-4DB5-84B5-413E4E7A2312}.Release|iPhoneSimulator.ActiveCfg = Release|Any CPU
		{D497E8A7-9A36-4DB5-84B5-413E4E7A2312}.Release|iPhoneSimulator.Build.0 = Release|Any CPU
		{A44831F8-BD94-4F78-A92D-01E37D0FAB82}.Ad-Hoc|Any CPU.ActiveCfg = Debug|Any CPU
		{A44831F8-BD94-4F78-A92D-01E37D0FAB82}.Ad-Hoc|Any CPU.Build.0 = Debug|Any CPU
		{A44831F8-BD94-4F78-A92D-01E37D0FAB82}.Ad-Hoc|iPhone.ActiveCfg = Debug|Any CPU
		{A44831F8-BD94-4F78-A92D-01E37D0FAB82}.Ad-Hoc|iPhone.Build.0 = Debug|Any CPU
		{A44831F8-BD94-4F78-A92D-01E37D0FAB82}.Ad-Hoc|iPhoneSimulator.ActiveCfg = Debug|Any CPU
		{A44831F8-BD94-4F78-A92D-01E37D0FAB82}.Ad-Hoc|iPhoneSimulator.Build.0 = Debug|Any CPU
		{A44831F8-BD94-4F78-A92D-01E37D0FAB82}.AppStore|Any CPU.ActiveCfg = Debug|Any CPU
		{A44831F8-BD94-4F78-A92D-01E37D0FAB82}.AppStore|Any CPU.Build.0 = Debug|Any CPU
		{A44831F8-BD94-4F78-A92D-01E37D0FAB82}.AppStore|iPhone.ActiveCfg = Debug|Any CPU
		{A44831F8-BD94-4F78-A92D-01E37D0FAB82}.AppStore|iPhone.Build.0 = Debug|Any CPU
		{A44831F8-BD94-4F78-A92D-01E37D0FAB82}.AppStore|iPhoneSimulator.ActiveCfg = Debug|Any CPU
		{A44831F8-BD94-4F78-A92D-01E37D0FAB82}.AppStore|iPhoneSimulator.Build.0 = Debug|Any CPU
		{A44831F8-BD94-4F78-A92D-01E37D0FAB82}.Debug|Any CPU.ActiveCfg = Debug|Any CPU
		{A44831F8-BD94-4F78-A92D-01E37D0FAB82}.Debug|Any CPU.Build.0 = Debug|Any CPU
		{A44831F8-BD94-4F78-A92D-01E37D0FAB82}.Debug|iPhone.ActiveCfg = Debug|Any CPU
		{A44831F8-BD94-4F78-A92D-01E37D0FAB82}.Debug|iPhone.Build.0 = Debug|Any CPU
		{A44831F8-BD94-4F78-A92D-01E37D0FAB82}.Debug|iPhoneSimulator.ActiveCfg = Debug|Any CPU
		{A44831F8-BD94-4F78-A92D-01E37D0FAB82}.Debug|iPhoneSimulator.Build.0 = Debug|Any CPU
		{A44831F8-BD94-4F78-A92D-01E37D0FAB82}.ExcludePlatforms|Any CPU.ActiveCfg = ExcludePlatforms|Any CPU
		{A44831F8-BD94-4F78-A92D-01E37D0FAB82}.ExcludePlatforms|Any CPU.Build.0 = ExcludePlatforms|Any CPU
		{A44831F8-BD94-4F78-A92D-01E37D0FAB82}.ExcludePlatforms|iPhone.ActiveCfg = ExcludePlatforms|Any CPU
		{A44831F8-BD94-4F78-A92D-01E37D0FAB82}.ExcludePlatforms|iPhone.Build.0 = ExcludePlatforms|Any CPU
		{A44831F8-BD94-4F78-A92D-01E37D0FAB82}.ExcludePlatforms|iPhoneSimulator.ActiveCfg = ExcludePlatforms|Any CPU
		{A44831F8-BD94-4F78-A92D-01E37D0FAB82}.ExcludePlatforms|iPhoneSimulator.Build.0 = ExcludePlatforms|Any CPU
		{A44831F8-BD94-4F78-A92D-01E37D0FAB82}.Release|Any CPU.ActiveCfg = Release|Any CPU
		{A44831F8-BD94-4F78-A92D-01E37D0FAB82}.Release|Any CPU.Build.0 = Release|Any CPU
		{A44831F8-BD94-4F78-A92D-01E37D0FAB82}.Release|iPhone.ActiveCfg = Release|Any CPU
		{A44831F8-BD94-4F78-A92D-01E37D0FAB82}.Release|iPhone.Build.0 = Release|Any CPU
		{A44831F8-BD94-4F78-A92D-01E37D0FAB82}.Release|iPhoneSimulator.ActiveCfg = Release|Any CPU
		{A44831F8-BD94-4F78-A92D-01E37D0FAB82}.Release|iPhoneSimulator.Build.0 = Release|Any CPU
		{307D1A49-D911-410D-86F1-E1F2008E52AB}.Ad-Hoc|Any CPU.ActiveCfg = Debug|Any CPU
		{307D1A49-D911-410D-86F1-E1F2008E52AB}.Ad-Hoc|Any CPU.Build.0 = Debug|Any CPU
		{307D1A49-D911-410D-86F1-E1F2008E52AB}.Ad-Hoc|Any CPU.Deploy.0 = Debug|Any CPU
		{307D1A49-D911-410D-86F1-E1F2008E52AB}.Ad-Hoc|iPhone.ActiveCfg = Debug|Any CPU
		{307D1A49-D911-410D-86F1-E1F2008E52AB}.Ad-Hoc|iPhone.Build.0 = Debug|Any CPU
		{307D1A49-D911-410D-86F1-E1F2008E52AB}.Ad-Hoc|iPhone.Deploy.0 = Debug|Any CPU
		{307D1A49-D911-410D-86F1-E1F2008E52AB}.Ad-Hoc|iPhoneSimulator.ActiveCfg = Debug|Any CPU
		{307D1A49-D911-410D-86F1-E1F2008E52AB}.Ad-Hoc|iPhoneSimulator.Build.0 = Debug|Any CPU
		{307D1A49-D911-410D-86F1-E1F2008E52AB}.Ad-Hoc|iPhoneSimulator.Deploy.0 = Debug|Any CPU
		{307D1A49-D911-410D-86F1-E1F2008E52AB}.AppStore|Any CPU.ActiveCfg = Debug|Any CPU
		{307D1A49-D911-410D-86F1-E1F2008E52AB}.AppStore|Any CPU.Build.0 = Debug|Any CPU
		{307D1A49-D911-410D-86F1-E1F2008E52AB}.AppStore|Any CPU.Deploy.0 = Debug|Any CPU
		{307D1A49-D911-410D-86F1-E1F2008E52AB}.AppStore|iPhone.ActiveCfg = Debug|Any CPU
		{307D1A49-D911-410D-86F1-E1F2008E52AB}.AppStore|iPhone.Build.0 = Debug|Any CPU
		{307D1A49-D911-410D-86F1-E1F2008E52AB}.AppStore|iPhone.Deploy.0 = Debug|Any CPU
		{307D1A49-D911-410D-86F1-E1F2008E52AB}.AppStore|iPhoneSimulator.ActiveCfg = Debug|Any CPU
		{307D1A49-D911-410D-86F1-E1F2008E52AB}.AppStore|iPhoneSimulator.Build.0 = Debug|Any CPU
		{307D1A49-D911-410D-86F1-E1F2008E52AB}.AppStore|iPhoneSimulator.Deploy.0 = Debug|Any CPU
		{307D1A49-D911-410D-86F1-E1F2008E52AB}.Debug|Any CPU.ActiveCfg = Debug|Any CPU
		{307D1A49-D911-410D-86F1-E1F2008E52AB}.Debug|Any CPU.Build.0 = Debug|Any CPU
		{307D1A49-D911-410D-86F1-E1F2008E52AB}.Debug|Any CPU.Deploy.0 = Debug|Any CPU
		{307D1A49-D911-410D-86F1-E1F2008E52AB}.Debug|iPhone.ActiveCfg = Debug|Any CPU
		{307D1A49-D911-410D-86F1-E1F2008E52AB}.Debug|iPhone.Build.0 = Debug|Any CPU
		{307D1A49-D911-410D-86F1-E1F2008E52AB}.Debug|iPhone.Deploy.0 = Debug|Any CPU
		{307D1A49-D911-410D-86F1-E1F2008E52AB}.Debug|iPhoneSimulator.ActiveCfg = Debug|Any CPU
		{307D1A49-D911-410D-86F1-E1F2008E52AB}.Debug|iPhoneSimulator.Build.0 = Debug|Any CPU
		{307D1A49-D911-410D-86F1-E1F2008E52AB}.Debug|iPhoneSimulator.Deploy.0 = Debug|Any CPU
		{307D1A49-D911-410D-86F1-E1F2008E52AB}.ExcludePlatforms|Any CPU.ActiveCfg = ExcludePlatforms|Any CPU
		{307D1A49-D911-410D-86F1-E1F2008E52AB}.ExcludePlatforms|iPhone.ActiveCfg = ExcludePlatforms|Any CPU
		{307D1A49-D911-410D-86F1-E1F2008E52AB}.ExcludePlatforms|iPhone.Build.0 = ExcludePlatforms|Any CPU
		{307D1A49-D911-410D-86F1-E1F2008E52AB}.ExcludePlatforms|iPhone.Deploy.0 = ExcludePlatforms|Any CPU
		{307D1A49-D911-410D-86F1-E1F2008E52AB}.ExcludePlatforms|iPhoneSimulator.ActiveCfg = ExcludePlatforms|Any CPU
		{307D1A49-D911-410D-86F1-E1F2008E52AB}.ExcludePlatforms|iPhoneSimulator.Build.0 = ExcludePlatforms|Any CPU
		{307D1A49-D911-410D-86F1-E1F2008E52AB}.ExcludePlatforms|iPhoneSimulator.Deploy.0 = ExcludePlatforms|Any CPU
		{307D1A49-D911-410D-86F1-E1F2008E52AB}.Release|Any CPU.ActiveCfg = Release|Any CPU
		{307D1A49-D911-410D-86F1-E1F2008E52AB}.Release|Any CPU.Build.0 = Release|Any CPU
		{307D1A49-D911-410D-86F1-E1F2008E52AB}.Release|Any CPU.Deploy.0 = Release|Any CPU
		{307D1A49-D911-410D-86F1-E1F2008E52AB}.Release|iPhone.ActiveCfg = Release|Any CPU
		{307D1A49-D911-410D-86F1-E1F2008E52AB}.Release|iPhone.Build.0 = Release|Any CPU
		{307D1A49-D911-410D-86F1-E1F2008E52AB}.Release|iPhone.Deploy.0 = Release|Any CPU
		{307D1A49-D911-410D-86F1-E1F2008E52AB}.Release|iPhoneSimulator.ActiveCfg = Release|Any CPU
		{307D1A49-D911-410D-86F1-E1F2008E52AB}.Release|iPhoneSimulator.Build.0 = Release|Any CPU
		{307D1A49-D911-410D-86F1-E1F2008E52AB}.Release|iPhoneSimulator.Deploy.0 = Release|Any CPU
		{3782E805-9E7E-43FC-A658-F7B6D996D9D4}.Ad-Hoc|Any CPU.ActiveCfg = Debug|Any CPU
		{3782E805-9E7E-43FC-A658-F7B6D996D9D4}.Ad-Hoc|Any CPU.Build.0 = Debug|Any CPU
		{3782E805-9E7E-43FC-A658-F7B6D996D9D4}.Ad-Hoc|iPhone.ActiveCfg = Debug|Any CPU
		{3782E805-9E7E-43FC-A658-F7B6D996D9D4}.Ad-Hoc|iPhone.Build.0 = Debug|Any CPU
		{3782E805-9E7E-43FC-A658-F7B6D996D9D4}.Ad-Hoc|iPhoneSimulator.ActiveCfg = Debug|Any CPU
		{3782E805-9E7E-43FC-A658-F7B6D996D9D4}.Ad-Hoc|iPhoneSimulator.Build.0 = Debug|Any CPU
		{3782E805-9E7E-43FC-A658-F7B6D996D9D4}.AppStore|Any CPU.ActiveCfg = Debug|Any CPU
		{3782E805-9E7E-43FC-A658-F7B6D996D9D4}.AppStore|Any CPU.Build.0 = Debug|Any CPU
		{3782E805-9E7E-43FC-A658-F7B6D996D9D4}.AppStore|iPhone.ActiveCfg = Debug|Any CPU
		{3782E805-9E7E-43FC-A658-F7B6D996D9D4}.AppStore|iPhone.Build.0 = Debug|Any CPU
		{3782E805-9E7E-43FC-A658-F7B6D996D9D4}.AppStore|iPhoneSimulator.ActiveCfg = Debug|Any CPU
		{3782E805-9E7E-43FC-A658-F7B6D996D9D4}.AppStore|iPhoneSimulator.Build.0 = Debug|Any CPU
		{3782E805-9E7E-43FC-A658-F7B6D996D9D4}.Debug|Any CPU.ActiveCfg = Debug|Any CPU
		{3782E805-9E7E-43FC-A658-F7B6D996D9D4}.Debug|Any CPU.Build.0 = Debug|Any CPU
		{3782E805-9E7E-43FC-A658-F7B6D996D9D4}.Debug|iPhone.ActiveCfg = Debug|Any CPU
		{3782E805-9E7E-43FC-A658-F7B6D996D9D4}.Debug|iPhone.Build.0 = Debug|Any CPU
		{3782E805-9E7E-43FC-A658-F7B6D996D9D4}.Debug|iPhoneSimulator.ActiveCfg = Debug|Any CPU
		{3782E805-9E7E-43FC-A658-F7B6D996D9D4}.Debug|iPhoneSimulator.Build.0 = Debug|Any CPU
		{3782E805-9E7E-43FC-A658-F7B6D996D9D4}.ExcludePlatforms|Any CPU.ActiveCfg = ExcludePlatforms|Any CPU
		{3782E805-9E7E-43FC-A658-F7B6D996D9D4}.ExcludePlatforms|Any CPU.Build.0 = ExcludePlatforms|Any CPU
		{3782E805-9E7E-43FC-A658-F7B6D996D9D4}.ExcludePlatforms|iPhone.ActiveCfg = Debug|Any CPU
		{3782E805-9E7E-43FC-A658-F7B6D996D9D4}.ExcludePlatforms|iPhone.Build.0 = Debug|Any CPU
		{3782E805-9E7E-43FC-A658-F7B6D996D9D4}.ExcludePlatforms|iPhoneSimulator.ActiveCfg = Debug|Any CPU
		{3782E805-9E7E-43FC-A658-F7B6D996D9D4}.ExcludePlatforms|iPhoneSimulator.Build.0 = Debug|Any CPU
		{3782E805-9E7E-43FC-A658-F7B6D996D9D4}.Release|Any CPU.ActiveCfg = Release|Any CPU
		{3782E805-9E7E-43FC-A658-F7B6D996D9D4}.Release|Any CPU.Build.0 = Release|Any CPU
		{3782E805-9E7E-43FC-A658-F7B6D996D9D4}.Release|iPhone.ActiveCfg = Release|Any CPU
		{3782E805-9E7E-43FC-A658-F7B6D996D9D4}.Release|iPhone.Build.0 = Release|Any CPU
		{3782E805-9E7E-43FC-A658-F7B6D996D9D4}.Release|iPhoneSimulator.ActiveCfg = Release|Any CPU
		{3782E805-9E7E-43FC-A658-F7B6D996D9D4}.Release|iPhoneSimulator.Build.0 = Release|Any CPU
	EndGlobalSection
	GlobalSection(SolutionProperties) = preSolution
		HideSolutionNode = FALSE
	EndGlobalSection
	GlobalSection(ExtensibilityGlobals) = postSolution
		SolutionGuid = {45A7CE02-2642-4719-BA3B-D3B124208342}
	EndGlobalSection
EndGlobal
