
Microsoft Visual Studio Solution File, Format Version 12.00
# Visual Studio Version 16
VisualStudioVersion = 16.0.29709.97
MinimumVisualStudioVersion = 10.0.40219.1
Project("{9A19103F-16F7-4668-BE54-9A1E7A4F7556}") = "CaffeineCrashCueMk1", "CaffeineCrashCueMk1\CaffeineCrashCueMk1\CaffeineCrashCueMk1.csproj", "{4D40145C-CC91-438C-BB9A-76F5D4C8592C}"
EndProject
Project("{9A19103F-16F7-4668-BE54-9A1E7A4F7556}") = "CaffeineCrashProvider", "CaffeineCrashProvider\CaffeineCrashProvider.csproj", "{C576B072-C3A1-426A-88C2-B4B5AD0A6750}"
EndProject
Project("{9A19103F-16F7-4668-BE54-9A1E7A4F7556}") = "CaffeineCrashProvider.Test", "CaffeineCrashProvider.Test\CaffeineCrashProvider.Test.csproj", "{D497E8A7-9A36-4DB5-84B5-413E4E7A2312}"
EndProject
Project("{FAE04EC0-301F-11D3-BF4B-00C04F79EFBC}") = "CaffeineCrashCueMk1.Android", "CaffeineCrashCueMk1\CaffeineCrashCueMk1.Android\CaffeineCrashCueMk1.Android.csproj", "{307D1A49-D911-410D-86F1-E1F2008E52AB}"
EndProject
Global
	GlobalSection(SolutionConfigurationPlatforms) = preSolution
		Ad-Hoc|Any CPU = Ad-Hoc|Any CPU
		Ad-Hoc|iPhone = Ad-Hoc|iPhone
		Ad-Hoc|iPhoneSimulator = Ad-Hoc|iPhoneSimulator
		AppStore|Any CPU = AppStore|Any CPU
		AppStore|iPhone = AppStore|iPhone
		AppStore|iPhoneSimulator = AppStore|iPhoneSimulator
		Debug|Any CPU = Debug|Any CPU
		Debug|iPhone = Debug|iPhone
		Debug|iPhoneSimulator = Debug|iPhoneSimulator
		Release|Any CPU = Release|Any CPU
		Release|iPhone = Release|iPhone
		Release|iPhoneSimulator = Release|iPhoneSimulator
	EndGlobalSection
	GlobalSection(ProjectConfigurationPlatforms) = postSolution
		{4D40145C-CC91-438C-BB9A-76F5D4C8592C}.Ad-Hoc|Any CPU.ActiveCfg = Debug|Any CPU
		{4D40145C-CC91-438C-BB9A-76F5D4C8592C}.Ad-Hoc|Any CPU.Build.0 = Debug|Any CPU
		{4D40145C-CC91-438C-BB9A-76F5D4C8592C}.Ad-Hoc|Any CPU.Deploy.0 = Debug|Any CPU
		{4D40145C-CC91-438C-BB9A-76F5D4C8592C}.Ad-Hoc|iPhone.ActiveCfg = Debug|Any CPU
		{4D40145C-CC91-438C-BB9A-76F5D4C8592C}.Ad-Hoc|iPhone.Build.0 = Debug|Any CPU
		{4D40145C-CC91-438C-BB9A-76F5D4C8592C}.Ad-Hoc|iPhone.Deploy.0 = Debug|Any CPU
		{4D40145C-CC91-438C-BB9A-76F5D4C8592C}.Ad-Hoc|iPhoneSimulator.ActiveCfg = Debug|Any CPU
		{4D40145C-CC91-438C-BB9A-76F5D4C8592C}.Ad-Hoc|iPhoneSimulator.Build.0 = Debug|Any CPU
		{4D40145C-CC91-438C-BB9A-76F5D4C8592C}.Ad-Hoc|iPhoneSimulator.Deploy.0 = Debug|Any CPU
		{4D40145C-CC91-438C-BB9A-76F5D4C8592C}.AppStore|Any CPU.ActiveCfg = Debug|Any CPU
		{4D40145C-CC91-438C-BB9A-76F5D4C8592C}.AppStore|Any CPU.Build.0 = Debug|Any CPU
		{4D40145C-CC91-438C-BB9A-76F5D4C8592C}.AppStore|Any CPU.Deploy.0 = Debug|Any CPU
		{4D40145C-CC91-438C-BB9A-76F5D4C8592C}.AppStore|iPhone.ActiveCfg = Debug|Any CPU
		{4D40145C-CC91-438C-BB9A-76F5D4C8592C}.AppStore|iPhone.Build.0 = Debug|Any CPU
		{4D40145C-CC91-438C-BB9A-76F5D4C8592C}.AppStore|iPhone.Deploy.0 = Debug|Any CPU
		{4D40145C-CC91-438C-BB9A-76F5D4C8592C}.AppStore|iPhoneSimulator.ActiveCfg = Debug|Any CPU
		{4D40145C-CC91-438C-BB9A-76F5D4C8592C}.AppStore|iPhoneSimulator.Build.0 = Debug|Any CPU
		{4D40145C-CC91-438C-BB9A-76F5D4C8592C}.AppStore|iPhoneSimulator.Deploy.0 = Debug|Any CPU
		{4D40145C-CC91-438C-BB9A-76F5D4C8592C}.Debug|Any CPU.ActiveCfg = Debug|Any CPU
		{4D40145C-CC91-438C-BB9A-76F5D4C8592C}.Debug|Any CPU.Build.0 = Debug|Any CPU
		{4D40145C-CC91-438C-BB9A-76F5D4C8592C}.Debug|Any CPU.Deploy.0 = Debug|Any CPU
		{4D40145C-CC91-438C-BB9A-76F5D4C8592C}.Debug|iPhone.ActiveCfg = Debug|Any CPU
		{4D40145C-CC91-438C-BB9A-76F5D4C8592C}.Debug|iPhone.Build.0 = Debug|Any CPU
		{4D40145C-CC91-438C-BB9A-76F5D4C8592C}.Debug|iPhone.Deploy.0 = Debug|Any CPU
		{4D40145C-CC91-438C-BB9A-76F5D4C8592C}.Debug|iPhoneSimulator.ActiveCfg = Debug|Any CPU
		{4D40145C-CC91-438C-BB9A-76F5D4C8592C}.Debug|iPhoneSimulator.Build.0 = Debug|Any CPU
		{4D40145C-CC91-438C-BB9A-76F5D4C8592C}.Debug|iPhoneSimulator.Deploy.0 = Debug|Any CPU
		{4D40145C-CC91-438C-BB9A-76F5D4C8592C}.Release|Any CPU.ActiveCfg = Release|Any CPU
		{4D40145C-CC91-438C-BB9A-76F5D4C8592C}.Release|Any CPU.Build.0 = Release|Any CPU
		{4D40145C-CC91-438C-BB9A-76F5D4C8592C}.Release|Any CPU.Deploy.0 = Release|Any CPU
		{4D40145C-CC91-438C-BB9A-76F5D4C8592C}.Release|iPhone.ActiveCfg = Release|Any CPU
		{4D40145C-CC91-438C-BB9A-76F5D4C8592C}.Release|iPhone.Build.0 = Release|Any CPU
		{4D40145C-CC91-438C-BB9A-76F5D4C8592C}.Release|iPhone.Deploy.0 = Release|Any CPU
		{4D40145C-CC91-438C-BB9A-76F5D4C8592C}.Release|iPhoneSimulator.ActiveCfg = Release|Any CPU
		{4D40145C-CC91-438C-BB9A-76F5D4C8592C}.Release|iPhoneSimulator.Build.0 = Release|Any CPU
		{4D40145C-CC91-438C-BB9A-76F5D4C8592C}.Release|iPhoneSimulator.Deploy.0 = Release|Any CPU
		{C576B072-C3A1-426A-88C2-B4B5AD0A6750}.Ad-Hoc|Any CPU.ActiveCfg = Debug|Any CPU
		{C576B072-C3A1-426A-88C2-B4B5AD0A6750}.Ad-Hoc|Any CPU.Build.0 = Debug|Any CPU
		{C576B072-C3A1-426A-88C2-B4B5AD0A6750}.Ad-Hoc|iPhone.ActiveCfg = Debug|Any CPU
		{C576B072-C3A1-426A-88C2-B4B5AD0A6750}.Ad-Hoc|iPhone.Build.0 = Debug|Any CPU
		{C576B072-C3A1-426A-88C2-B4B5AD0A6750}.Ad-Hoc|iPhoneSimulator.ActiveCfg = Debug|Any CPU
		{C576B072-C3A1-426A-88C2-B4B5AD0A6750}.Ad-Hoc|iPhoneSimulator.Build.0 = Debug|Any CPU
		{C576B072-C3A1-426A-88C2-B4B5AD0A6750}.AppStore|Any CPU.ActiveCfg = Debug|Any CPU
		{C576B072-C3A1-426A-88C2-B4B5AD0A6750}.AppStore|Any CPU.Build.0 = Debug|Any CPU
		{C576B072-C3A1-426A-88C2-B4B5AD0A6750}.AppStore|iPhone.ActiveCfg = Debug|Any CPU
		{C576B072-C3A1-426A-88C2-B4B5AD0A6750}.AppStore|iPhone.Build.0 = Debug|Any CPU
		{C576B072-C3A1-426A-88C2-B4B5AD0A6750}.AppStore|iPhoneSimulator.ActiveCfg = Debug|Any CPU
		{C576B072-C3A1-426A-88C2-B4B5AD0A6750}.AppStore|iPhoneSimulator.Build.0 = Debug|Any CPU
		{C576B072-C3A1-426A-88C2-B4B5AD0A6750}.Debug|Any CPU.ActiveCfg = Debug|Any CPU
		{C576B072-C3A1-426A-88C2-B4B5AD0A6750}.Debug|Any CPU.Build.0 = Debug|Any CPU
		{C576B072-C3A1-426A-88C2-B4B5AD0A6750}.Debug|iPhone.ActiveCfg = Debug|Any CPU
		{C576B072-C3A1-426A-88C2-B4B5AD0A6750}.Debug|iPhone.Build.0 = Debug|Any CPU
		{C576B072-C3A1-426A-88C2-B4B5AD0A6750}.Debug|iPhoneSimulator.ActiveCfg = Debug|Any CPU
		{C576B072-C3A1-426A-88C2-B4B5AD0A6750}.Debug|iPhoneSimulator.Build.0 = Debug|Any CPU
		{C576B072-C3A1-426A-88C2-B4B5AD0A6750}.Release|Any CPU.ActiveCfg = Release|Any CPU
		{C576B072-C3A1-426A-88C2-B4B5AD0A6750}.Release|Any CPU.Build.0 = Release|Any CPU
		{C576B072-C3A1-426A-88C2-B4B5AD0A6750}.Release|iPhone.ActiveCfg = Release|Any CPU
		{C576B072-C3A1-426A-88C2-B4B5AD0A6750}.Release|iPhone.Build.0 = Release|Any CPU
		{C576B072-C3A1-426A-88C2-B4B5AD0A6750}.Release|iPhoneSimulator.ActiveCfg = Release|Any CPU
		{C576B072-C3A1-426A-88C2-B4B5AD0A6750}.Release|iPhoneSimulator.Build.0 = Release|Any CPU
		{D497E8A7-9A36-4DB5-84B5-413E4E7A2312}.Ad-Hoc|Any CPU.ActiveCfg = Debug|Any CPU
		{D497E8A7-9A36-4DB5-84B5-413E4E7A2312}.Ad-Hoc|Any CPU.Build.0 = Debug|Any CPU
		{D497E8A7-9A36-4DB5-84B5-413E4E7A2312}.Ad-Hoc|iPhone.ActiveCfg = Debug|Any CPU
		{D497E8A7-9A36-4DB5-84B5-413E4E7A2312}.Ad-Hoc|iPhone.Build.0 = Debug|Any CPU
		{D497E8A7-9A36-4DB5-84B5-413E4E7A2312}.Ad-Hoc|iPhoneSimulator.ActiveCfg = Debug|Any CPU
		{D497E8A7-9A36-4DB5-84B5-413E4E7A2312}.Ad-Hoc|iPhoneSimulator.Build.0 = Debug|Any CPU
		{D497E8A7-9A36-4DB5-84B5-413E4E7A2312}.AppStore|Any CPU.ActiveCfg = Debug|Any CPU
		{D497E8A7-9A36-4DB5-84B5-413E4E7A2312}.AppStore|Any CPU.Build.0 = Debug|Any CPU
		{D497E8A7-9A36-4DB5-84B5-413E4E7A2312}.AppStore|iPhone.ActiveCfg = Debug|Any CPU
		{D497E8A7-9A36-4DB5-84B5-413E4E7A2312}.AppStore|iPhone.Build.0 = Debug|Any CPU
		{D497E8A7-9A36-4DB5-84B5-413E4E7A2312}.AppStore|iPhoneSimulator.ActiveCfg = Debug|Any CPU
		{D497E8A7-9A36-4DB5-84B5-413E4E7A2312}.AppStore|iPhoneSimulator.Build.0 = Debug|Any CPU
		{D497E8A7-9A36-4DB5-84B5-413E4E7A2312}.Debug|Any CPU.ActiveCfg = Debug|Any CPU
		{D497E8A7-9A36-4DB5-84B5-413E4E7A2312}.Debug|Any CPU.Build.0 = Debug|Any CPU
		{D497E8A7-9A36-4DB5-84B5-413E4E7A2312}.Debug|iPhone.ActiveCfg = Debug|Any CPU
		{D497E8A7-9A36-4DB5-84B5-413E4E7A2312}.Debug|iPhone.Build.0 = Debug|Any CPU
		{D497E8A7-9A36-4DB5-84B5-413E4E7A2312}.Debug|iPhoneSimulator.ActiveCfg = Debug|Any CPU
		{D497E8A7-9A36-4DB5-84B5-413E4E7A2312}.Debug|iPhoneSimulator.Build.0 = Debug|Any CPU
		{D497E8A7-9A36-4DB5-84B5-413E4E7A2312}.Release|Any CPU.ActiveCfg = Release|Any CPU
		{D497E8A7-9A36-4DB5-84B5-413E4E7A2312}.Release|Any CPU.Build.0 = Release|Any CPU
		{D497E8A7-9A36-4DB5-84B5-413E4E7A2312}.Release|iPhone.ActiveCfg = Release|Any CPU
		{D497E8A7-9A36-4DB5-84B5-413E4E7A2312}.Release|iPhone.Build.0 = Release|Any CPU
		{D497E8A7-9A36-4DB5-84B5-413E4E7A2312}.Release|iPhoneSimulator.ActiveCfg = Release|Any CPU
		{D497E8A7-9A36-4DB5-84B5-413E4E7A2312}.Release|iPhoneSimulator.Build.0 = Release|Any CPU
		{307D1A49-D911-410D-86F1-E1F2008E52AB}.Ad-Hoc|Any CPU.ActiveCfg = Release|Any CPU
		{307D1A49-D911-410D-86F1-E1F2008E52AB}.Ad-Hoc|Any CPU.Build.0 = Release|Any CPU
		{307D1A49-D911-410D-86F1-E1F2008E52AB}.Ad-Hoc|Any CPU.Deploy.0 = Release|Any CPU
		{307D1A49-D911-410D-86F1-E1F2008E52AB}.Ad-Hoc|iPhone.ActiveCfg = Release|Any CPU
		{307D1A49-D911-410D-86F1-E1F2008E52AB}.Ad-Hoc|iPhone.Build.0 = Release|Any CPU
		{307D1A49-D911-410D-86F1-E1F2008E52AB}.Ad-Hoc|iPhone.Deploy.0 = Release|Any CPU
		{307D1A49-D911-410D-86F1-E1F2008E52AB}.Ad-Hoc|iPhoneSimulator.ActiveCfg = Release|Any CPU
		{307D1A49-D911-410D-86F1-E1F2008E52AB}.Ad-Hoc|iPhoneSimulator.Build.0 = Release|Any CPU
		{307D1A49-D911-410D-86F1-E1F2008E52AB}.Ad-Hoc|iPhoneSimulator.Deploy.0 = Release|Any CPU
		{307D1A49-D911-410D-86F1-E1F2008E52AB}.AppStore|Any CPU.ActiveCfg = Release|Any CPU
		{307D1A49-D911-410D-86F1-E1F2008E52AB}.AppStore|Any CPU.Build.0 = Release|Any CPU
		{307D1A49-D911-410D-86F1-E1F2008E52AB}.AppStore|Any CPU.Deploy.0 = Release|Any CPU
		{307D1A49-D911-410D-86F1-E1F2008E52AB}.AppStore|iPhone.ActiveCfg = Release|Any CPU
		{307D1A49-D911-410D-86F1-E1F2008E52AB}.AppStore|iPhone.Build.0 = Release|Any CPU
		{307D1A49-D911-410D-86F1-E1F2008E52AB}.AppStore|iPhone.Deploy.0 = Release|Any CPU
		{307D1A49-D911-410D-86F1-E1F2008E52AB}.AppStore|iPhoneSimulator.ActiveCfg = Release|Any CPU
		{307D1A49-D911-410D-86F1-E1F2008E52AB}.AppStore|iPhoneSimulator.Build.0 = Release|Any CPU
		{307D1A49-D911-410D-86F1-E1F2008E52AB}.AppStore|iPhoneSimulator.Deploy.0 = Release|Any CPU
		{307D1A49-D911-410D-86F1-E1F2008E52AB}.Debug|Any CPU.ActiveCfg = Debug|Any CPU
		{307D1A49-D911-410D-86F1-E1F2008E52AB}.Debug|Any CPU.Build.0 = Debug|Any CPU
		{307D1A49-D911-410D-86F1-E1F2008E52AB}.Debug|Any CPU.Deploy.0 = Debug|Any CPU
		{307D1A49-D911-410D-86F1-E1F2008E52AB}.Debug|iPhone.ActiveCfg = Debug|Any CPU
		{307D1A49-D911-410D-86F1-E1F2008E52AB}.Debug|iPhone.Build.0 = Debug|Any CPU
		{307D1A49-D911-410D-86F1-E1F2008E52AB}.Debug|iPhone.Deploy.0 = Debug|Any CPU
		{307D1A49-D911-410D-86F1-E1F2008E52AB}.Debug|iPhoneSimulator.ActiveCfg = Debug|Any CPU
		{307D1A49-D911-410D-86F1-E1F2008E52AB}.Debug|iPhoneSimulator.Build.0 = Debug|Any CPU
		{307D1A49-D911-410D-86F1-E1F2008E52AB}.Debug|iPhoneSimulator.Deploy.0 = Debug|Any CPU
		{307D1A49-D911-410D-86F1-E1F2008E52AB}.Release|Any CPU.ActiveCfg = Release|Any CPU
		{307D1A49-D911-410D-86F1-E1F2008E52AB}.Release|Any CPU.Build.0 = Release|Any CPU
		{307D1A49-D911-410D-86F1-E1F2008E52AB}.Release|Any CPU.Deploy.0 = Release|Any CPU
		{307D1A49-D911-410D-86F1-E1F2008E52AB}.Release|iPhone.ActiveCfg = Release|Any CPU
		{307D1A49-D911-410D-86F1-E1F2008E52AB}.Release|iPhone.Build.0 = Release|Any CPU
		{307D1A49-D911-410D-86F1-E1F2008E52AB}.Release|iPhone.Deploy.0 = Release|Any CPU
		{307D1A49-D911-410D-86F1-E1F2008E52AB}.Release|iPhoneSimulator.ActiveCfg = Release|Any CPU
		{307D1A49-D911-410D-86F1-E1F2008E52AB}.Release|iPhoneSimulator.Build.0 = Release|Any CPU
		{307D1A49-D911-410D-86F1-E1F2008E52AB}.Release|iPhoneSimulator.Deploy.0 = Release|Any CPU
	EndGlobalSection
	GlobalSection(SolutionProperties) = preSolution
		HideSolutionNode = FALSE
	EndGlobalSection
	GlobalSection(ExtensibilityGlobals) = postSolution
		SolutionGuid = {45A7CE02-2642-4719-BA3B-D3B124208342}
	EndGlobalSection
EndGlobal
