
Microsoft Visual Studio Solution File, Format Version 12.00
# Visual Studio Version 17
VisualStudioVersion = 17.2.32630.192
MinimumVisualStudioVersion = 10.0.40219.1
Project("{9A19103F-16F7-4668-BE54-9A1E7A4F7556}") = "CaffeineCrashCue.E2E", "CaffeineCrashCue.E2E\CaffeineCrashCue.E2E.csproj", "{DBD39266-24ED-4CEE-BAB8-D579F5B7CADE}"
EndProject
Project("{9A19103F-16F7-4668-BE54-9A1E7A4F7556}") = "CaffeineCrashCue.POMs", "CaffeineCrashCue.POMs\CaffeineCrashCue.POMs.csproj", "{C0D8754C-061A-4A93-8F56-187AE06D84B8}"
EndProject
Global
	GlobalSection(SolutionConfigurationPlatforms) = preSolution
		Debug|Any CPU = Debug|Any CPU
		Release|Any CPU = Release|Any CPU
	EndGlobalSection
	GlobalSection(ProjectConfigurationPlatforms) = postSolution
		{DBD39266-24ED-4CEE-BAB8-D579F5B7CADE}.Debug|Any CPU.ActiveCfg = Debug|Any CPU
		{DBD39266-24ED-4CEE-BAB8-D579F5B7CADE}.Debug|Any CPU.Build.0 = Debug|Any CPU
		{DBD39266-24ED-4CEE-BAB8-D579F5B7CADE}.Release|Any CPU.ActiveCfg = Release|Any CPU
		{DBD39266-24ED-4CEE-BAB8-D579F5B7CADE}.Release|Any CPU.Build.0 = Release|Any CPU
		{C0D8754C-061A-4A93-8F56-187AE06D84B8}.Debug|Any CPU.ActiveCfg = Debug|Any CPU
		{C0D8754C-061A-4A93-8F56-187AE06D84B8}.Debug|Any CPU.Build.0 = Debug|Any CPU
		{C0D8754C-061A-4A93-8F56-187AE06D84B8}.Release|Any CPU.ActiveCfg = Release|Any CPU
		{C0D8754C-061A-4A93-8F56-187AE06D84B8}.Release|Any CPU.Build.0 = Release|Any CPU
	EndGlobalSection
	GlobalSection(SolutionProperties) = preSolution
		HideSolutionNode = FALSE
	EndGlobalSection
	GlobalSection(ExtensibilityGlobals) = postSolution
		SolutionGuid = {7DB8B4C9-BE5F-47C6-81E7-D6E823E13DEF}
	EndGlobalSection
EndGlobal
